
Microsoft Visual Studio Solution File, Format Version 12.00
# Visual Studio 14
VisualStudioVersion = 14.0.25420.1
MinimumVisualStudioVersion = 10.0.40219.1
Project("{FAE04EC0-301F-11D3-BF4B-00C04F79EFBC}") = "Shopping_Cart_BS", "Shopping_Cart_BS\Shopping_Cart_BS.csproj", "{5CEE0CAD-A632-4170-AD94-7224B7F7B1AE}"
EndProject
Project("{FAE04EC0-301F-11D3-BF4B-00C04F79EFBC}") = "AppProps", "AppProps\AppProps.csproj", "{6DCE8A6C-BD11-4BDE-B21B-721DE1D443B5}"
EndProject
Project("{FAE04EC0-301F-11D3-BF4B-00C04F79EFBC}") = "DataAccessLayer", "DataAccessLayer\DataAccessLayer.csproj", "{D3D58BB8-4B1E-451D-A995-8A07C9439A8A}"
EndProject
Project("{FAE04EC0-301F-11D3-BF4B-00C04F79EFBC}") = "BusinessLogicLayer", "BusinessLogicLayer\BusinessLogicLayer.csproj", "{2FE1FF8A-1560-4C3B-AA46-3E8080F24040}"
EndProject
Global
	GlobalSection(SolutionConfigurationPlatforms) = preSolution
		Debug|Any CPU = Debug|Any CPU
		Release|Any CPU = Release|Any CPU
	EndGlobalSection
	GlobalSection(ProjectConfigurationPlatforms) = postSolution
		{5CEE0CAD-A632-4170-AD94-7224B7F7B1AE}.Debug|Any CPU.ActiveCfg = Debug|Any CPU
		{5CEE0CAD-A632-4170-AD94-7224B7F7B1AE}.Debug|Any CPU.Build.0 = Debug|Any CPU
		{5CEE0CAD-A632-4170-AD94-7224B7F7B1AE}.Release|Any CPU.ActiveCfg = Release|Any CPU
		{5CEE0CAD-A632-4170-AD94-7224B7F7B1AE}.Release|Any CPU.Build.0 = Release|Any CPU
		{6DCE8A6C-BD11-4BDE-B21B-721DE1D443B5}.Debug|Any CPU.ActiveCfg = Debug|Any CPU
		{6DCE8A6C-BD11-4BDE-B21B-721DE1D443B5}.Debug|Any CPU.Build.0 = Debug|Any CPU
		{6DCE8A6C-BD11-4BDE-B21B-721DE1D443B5}.Release|Any CPU.ActiveCfg = Release|Any CPU
		{6DCE8A6C-BD11-4BDE-B21B-721DE1D443B5}.Release|Any CPU.Build.0 = Release|Any CPU
		{D3D58BB8-4B1E-451D-A995-8A07C9439A8A}.Debug|Any CPU.ActiveCfg = Debug|Any CPU
		{D3D58BB8-4B1E-451D-A995-8A07C9439A8A}.Debug|Any CPU.Build.0 = Debug|Any CPU
		{D3D58BB8-4B1E-451D-A995-8A07C9439A8A}.Release|Any CPU.ActiveCfg = Release|Any CPU
		{D3D58BB8-4B1E-451D-A995-8A07C9439A8A}.Release|Any CPU.Build.0 = Release|Any CPU
		{2FE1FF8A-1560-4C3B-AA46-3E8080F24040}.Debug|Any CPU.ActiveCfg = Debug|Any CPU
		{2FE1FF8A-1560-4C3B-AA46-3E8080F24040}.Debug|Any CPU.Build.0 = Debug|Any CPU
		{2FE1FF8A-1560-4C3B-AA46-3E8080F24040}.Release|Any CPU.ActiveCfg = Release|Any CPU
		{2FE1FF8A-1560-4C3B-AA46-3E8080F24040}.Release|Any CPU.Build.0 = Release|Any CPU
	EndGlobalSection
	GlobalSection(SolutionProperties) = preSolution
		HideSolutionNode = FALSE
	EndGlobalSection
EndGlobal
